
Microsoft Visual Studio Solution File, Format Version 12.00
# Visual Studio Version 16
VisualStudioVersion = 16.0.31321.278
MinimumVisualStudioVersion = 10.0.40219.1
Project("{FAE04EC0-301F-11D3-BF4B-00C04F79EFBC}") = "3enRaya", "3enRaya\3enRaya.csproj", "{38B30D76-1CB5-4661-BE95-B8BD1C5E0A63}"
EndProject
Global
	GlobalSection(SolutionConfigurationPlatforms) = preSolution
		Debug|Any CPU = Debug|Any CPU
		Release|Any CPU = Release|Any CPU
	EndGlobalSection
	GlobalSection(ProjectConfigurationPlatforms) = postSolution
		{38B30D76-1CB5-4661-BE95-B8BD1C5E0A63}.Debug|Any CPU.ActiveCfg = Debug|Any CPU
		{38B30D76-1CB5-4661-BE95-B8BD1C5E0A63}.Debug|Any CPU.Build.0 = Debug|Any CPU
		{38B30D76-1CB5-4661-BE95-B8BD1C5E0A63}.Release|Any CPU.ActiveCfg = Release|Any CPU
		{38B30D76-1CB5-4661-BE95-B8BD1C5E0A63}.Release|Any CPU.Build.0 = Release|Any CPU
	EndGlobalSection
	GlobalSection(SolutionProperties) = preSolution
		HideSolutionNode = FALSE
	EndGlobalSection
	GlobalSection(ExtensibilityGlobals) = postSolution
		SolutionGuid = {22DCAC4B-1FD1-4B9F-805F-6C6DD42D0CCD}
	EndGlobalSection
EndGlobal
