
Microsoft Visual Studio Solution File, Format Version 12.00
# Visual Studio Version 16
VisualStudioVersion = 16.0.31321.278
MinimumVisualStudioVersion = 10.0.40219.1
Project("{FAE04EC0-301F-11D3-BF4B-00C04F79EFBC}") = "T19-WindowsForms", "T19-WindowsForms\T19-WindowsForms.csproj", "{7E7AFC48-826A-4838-AE90-E3BD95F07A0D}"
EndProject
Global
	GlobalSection(SolutionConfigurationPlatforms) = preSolution
		Debug|Any CPU = Debug|Any CPU
		Release|Any CPU = Release|Any CPU
	EndGlobalSection
	GlobalSection(ProjectConfigurationPlatforms) = postSolution
		{7E7AFC48-826A-4838-AE90-E3BD95F07A0D}.Debug|Any CPU.ActiveCfg = Debug|Any CPU
		{7E7AFC48-826A-4838-AE90-E3BD95F07A0D}.Debug|Any CPU.Build.0 = Debug|Any CPU
		{7E7AFC48-826A-4838-AE90-E3BD95F07A0D}.Release|Any CPU.ActiveCfg = Release|Any CPU
		{7E7AFC48-826A-4838-AE90-E3BD95F07A0D}.Release|Any CPU.Build.0 = Release|Any CPU
	EndGlobalSection
	GlobalSection(SolutionProperties) = preSolution
		HideSolutionNode = FALSE
	EndGlobalSection
	GlobalSection(ExtensibilityGlobals) = postSolution
		SolutionGuid = {A02257A3-89A4-4051-8C6D-24D76D4D8043}
	EndGlobalSection
EndGlobal
